// !$*UTF8*$!
{
	archiveVersion = 1;
	classes = {
	};
	objectVersion = 48;
	objects = {

/* Begin PBXBuildFile section */
		2054599E206A92F8004C309D /* AppDelegate.swift in Sources */ = {isa = PBXBuildFile; fileRef = 2054599D206A92F8004C309D /* AppDelegate.swift */; };
		205459A0206A92F8004C309D /* ViewController.swift in Sources */ = {isa = PBXBuildFile; fileRef = 2054599F206A92F8004C309D /* ViewController.swift */; };
		205459A3206A92F8004C309D /* Main.storyboard in Resources */ = {isa = PBXBuildFile; fileRef = 205459A1206A92F8004C309D /* Main.storyboard */; };
		205459A5206A92F8004C309D /* Assets.xcassets in Resources */ = {isa = PBXBuildFile; fileRef = 205459A4206A92F8004C309D /* Assets.xcassets */; };
		205459A8206A92F8004C309D /* LaunchScreen.storyboard in Resources */ = {isa = PBXBuildFile; fileRef = 205459A6206A92F8004C309D /* LaunchScreen.storyboard */; };
		205459B3206A92F8004C309D /* swiftSevenDemosTests.swift in Sources */ = {isa = PBXBuildFile; fileRef = 205459B2206A92F8004C309D /* swiftSevenDemosTests.swift */; };
		205459BE206A92F8004C309D /* swiftSevenDemosUITests.swift in Sources */ = {isa = PBXBuildFile; fileRef = 205459BD206A92F8004C309D /* swiftSevenDemosUITests.swift */; };
/* End PBXBuildFile section */

/* Begin PBXContainerItemProxy section */
		205459AF206A92F8004C309D /* PBXContainerItemProxy */ = {
			isa = PBXContainerItemProxy;
			containerPortal = 20545992206A92F8004C309D /* Project object */;
			proxyType = 1;
			remoteGlobalIDString = 20545999206A92F8004C309D;
			remoteInfo = swiftSevenDemos;
		};
		205459BA206A92F8004C309D /* PBXContainerItemProxy */ = {
			isa = PBXContainerItemProxy;
			containerPortal = 20545992206A92F8004C309D /* Project object */;
			proxyType = 1;
			remoteGlobalIDString = 20545999206A92F8004C309D;
			remoteInfo = swiftSevenDemos;
		};
/* End PBXContainerItemProxy section */

/* Begin PBXFileReference section */
		2054599A206A92F8004C309D /* swiftSevenDemos.app */ = {isa = PBXFileReference; explicitFileType = wrapper.application; includeInIndex = 0; path = swiftSevenDemos.app; sourceTree = BUILT_PRODUCTS_DIR; };
		2054599D206A92F8004C309D /* AppDelegate.swift */ = {isa = PBXFileReference; lastKnownFileType = sourcecode.swift; path = AppDelegate.swift; sourceTree = "<group>"; };
		2054599F206A92F8004C309D /* ViewController.swift */ = {isa = PBXFileReference; lastKnownFileType = sourcecode.swift; path = ViewController.swift; sourceTree = "<group>"; };
		205459A2206A92F8004C309D /* Base */ = {isa = PBXFileReference; lastKnownFileType = file.storyboard; name = Base; path = Base.lproj/Main.storyboard; sourceTree = "<group>"; };
		205459A4206A92F8004C309D /* Assets.xcassets */ = {isa = PBXFileReference; lastKnownFileType = folder.assetcatalog; path = Assets.xcassets; sourceTree = "<group>"; };
		205459A7206A92F8004C309D /* Base */ = {isa = PBXFileReference; lastKnownFileType = file.storyboard; name = Base; path = Base.lproj/LaunchScreen.storyboard; sourceTree = "<group>"; };
		205459A9206A92F8004C309D /* Info.plist */ = {isa = PBXFileReference; lastKnownFileType = text.plist.xml; path = Info.plist; sourceTree = "<group>"; };
		205459AE206A92F8004C309D /* swiftSevenDemosTests.xctest */ = {isa = PBXFileReference; explicitFileType = wrapper.cfbundle; includeInIndex = 0; path = swiftSevenDemosTests.xctest; sourceTree = BUILT_PRODUCTS_DIR; };
		205459B2206A92F8004C309D /* swiftSevenDemosTests.swift */ = {isa = PBXFileReference; lastKnownFileType = sourcecode.swift; path = swiftSevenDemosTests.swift; sourceTree = "<group>"; };
		205459B4206A92F8004C309D /* Info.plist */ = {isa = PBXFileReference; lastKnownFileType = text.plist.xml; path = Info.plist; sourceTree = "<group>"; };
		205459B9206A92F8004C309D /* swiftSevenDemosUITests.xctest */ = {isa = PBXFileReference; explicitFileType = wrapper.cfbundle; includeInIndex = 0; path = swiftSevenDemosUITests.xctest; sourceTree = BUILT_PRODUCTS_DIR; };
		205459BD206A92F8004C309D /* swiftSevenDemosUITests.swift */ = {isa = PBXFileReference; lastKnownFileType = sourcecode.swift; path = swiftSevenDemosUITests.swift; sourceTree = "<group>"; };
		205459BF206A92F8004C309D /* Info.plist */ = {isa = PBXFileReference; lastKnownFileType = text.plist.xml; path = Info.plist; sourceTree = "<group>"; };
/* End PBXFileReference section */

/* Begin PBXFrameworksBuildPhase section */
		20545997206A92F8004C309D /* Frameworks */ = {
			isa = PBXFrameworksBuildPhase;
			buildActionMask = 2147483647;
			files = (
			);
			runOnlyForDeploymentPostprocessing = 0;
		};
		205459AB206A92F8004C309D /* Frameworks */ = {
			isa = PBXFrameworksBuildPhase;
			buildActionMask = 2147483647;
			files = (
			);
			runOnlyForDeploymentPostprocessing = 0;
		};
		205459B6206A92F8004C309D /* Frameworks */ = {
			isa = PBXFrameworksBuildPhase;
			buildActionMask = 2147483647;
			files = (
			);
			runOnlyForDeploymentPostprocessing = 0;
		};
/* End PBXFrameworksBuildPhase section */

/* Begin PBXGroup section */
		20545991206A92F8004C309D = {
			isa = PBXGroup;
			children = (
				2054599C206A92F8004C309D /* swiftSevenDemos */,
				205459B1206A92F8004C309D /* swiftSevenDemosTests */,
				205459BC206A92F8004C309D /* swiftSevenDemosUITests */,
				2054599B206A92F8004C309D /* Products */,
			);
			sourceTree = "<group>";
		};
		2054599B206A92F8004C309D /* Products */ = {
			isa = PBXGroup;
			children = (
				2054599A206A92F8004C309D /* swiftSevenDemos.app */,
				205459AE206A92F8004C309D /* swiftSevenDemosTests.xctest */,
				205459B9206A92F8004C309D /* swiftSevenDemosUITests.xctest */,
			);
			name = Products;
			sourceTree = "<group>";
		};
		2054599C206A92F8004C309D /* swiftSevenDemos */ = {
			isa = PBXGroup;
			children = (
				2054599D206A92F8004C309D /* AppDelegate.swift */,
				2054599F206A92F8004C309D /* ViewController.swift */,
				205459A1206A92F8004C309D /* Main.storyboard */,
				205459A4206A92F8004C309D /* Assets.xcassets */,
				205459A6206A92F8004C309D /* LaunchScreen.storyboard */,
				205459A9206A92F8004C309D /* Info.plist */,
			);
			path = swiftSevenDemos;
			sourceTree = "<group>";
		};
		205459B1206A92F8004C309D /* swiftSevenDemosTests */ = {
			isa = PBXGroup;
			children = (
				205459B2206A92F8004C309D /* swiftSevenDemosTests.swift */,
				205459B4206A92F8004C309D /* Info.plist */,
			);
			path = swiftSevenDemosTests;
			sourceTree = "<group>";
		};
		205459BC206A92F8004C309D /* swiftSevenDemosUITests */ = {
			isa = PBXGroup;
			children = (
				205459BD206A92F8004C309D /* swiftSevenDemosUITests.swift */,
				205459BF206A92F8004C309D /* Info.plist */,
			);
			path = swiftSevenDemosUITests;
			sourceTree = "<group>";
		};
/* End PBXGroup section */

/* Begin PBXNativeTarget section */
		20545999206A92F8004C309D /* swiftSevenDemos */ = {
			isa = PBXNativeTarget;
			buildConfigurationList = 205459C2206A92F8004C309D /* Build configuration list for PBXNativeTarget "swiftSevenDemos" */;
			buildPhases = (
				20545996206A92F8004C309D /* Sources */,
				20545997206A92F8004C309D /* Frameworks */,
				20545998206A92F8004C309D /* Resources */,
			);
			buildRules = (
			);
			dependencies = (
			);
			name = swiftSevenDemos;
			productName = swiftSevenDemos;
			productReference = 2054599A206A92F8004C309D /* swiftSevenDemos.app */;
			productType = "com.apple.product-type.application";
		};
		205459AD206A92F8004C309D /* swiftSevenDemosTests */ = {
			isa = PBXNativeTarget;
			buildConfigurationList = 205459C5206A92F8004C309D /* Build configuration list for PBXNativeTarget "swiftSevenDemosTests" */;
			buildPhases = (
				205459AA206A92F8004C309D /* Sources */,
				205459AB206A92F8004C309D /* Frameworks */,
				205459AC206A92F8004C309D /* Resources */,
			);
			buildRules = (
			);
			dependencies = (
				205459B0206A92F8004C309D /* PBXTargetDependency */,
			);
			name = swiftSevenDemosTests;
			productName = swiftSevenDemosTests;
			productReference = 205459AE206A92F8004C309D /* swiftSevenDemosTests.xctest */;
			productType = "com.apple.product-type.bundle.unit-test";
		};
		205459B8206A92F8004C309D /* swiftSevenDemosUITests */ = {
			isa = PBXNativeTarget;
			buildConfigurationList = 205459C8206A92F8004C309D /* Build configuration list for PBXNativeTarget "swiftSevenDemosUITests" */;
			buildPhases = (
				205459B5206A92F8004C309D /* Sources */,
				205459B6206A92F8004C309D /* Frameworks */,
				205459B7206A92F8004C309D /* Resources */,
			);
			buildRules = (
			);
			dependencies = (
				205459BB206A92F8004C309D /* PBXTargetDependency */,
			);
			name = swiftSevenDemosUITests;
			productName = swiftSevenDemosUITests;
			productReference = 205459B9206A92F8004C309D /* swiftSevenDemosUITests.xctest */;
			productType = "com.apple.product-type.bundle.ui-testing";
		};
/* End PBXNativeTarget section */

/* Begin PBXProject section */
		20545992206A92F8004C309D /* Project object */ = {
			isa = PBXProject;
			attributes = {
				LastSwiftUpdateCheck = 0920;
				LastUpgradeCheck = 0920;
				ORGANIZATIONNAME = "Vinod Kumar";
				TargetAttributes = {
					20545999206A92F8004C309D = {
						CreatedOnToolsVersion = 9.2;
						ProvisioningStyle = Automatic;
					};
					205459AD206A92F8004C309D = {
						CreatedOnToolsVersion = 9.2;
						ProvisioningStyle = Automatic;
						TestTargetID = 20545999206A92F8004C309D;
					};
					205459B8206A92F8004C309D = {
						CreatedOnToolsVersion = 9.2;
						ProvisioningStyle = Automatic;
						TestTargetID = 20545999206A92F8004C309D;
					};
				};
			};
			buildConfigurationList = 20545995206A92F8004C309D /* Build configuration list for PBXProject "swiftSevenDemos" */;
			compatibilityVersion = "Xcode 8.0";
			developmentRegion = en;
			hasScannedForEncodings = 0;
			knownRegions = (
				en,
				Base,
			);
			mainGroup = 20545991206A92F8004C309D;
			productRefGroup = 2054599B206A92F8004C309D /* Products */;
			projectDirPath = "";
			projectRoot = "";
			targets = (
				20545999206A92F8004C309D /* swiftSevenDemos */,
				205459AD206A92F8004C309D /* swiftSevenDemosTests */,
				205459B8206A92F8004C309D /* swiftSevenDemosUITests */,
			);
		};
/* End PBXProject section */

/* Begin PBXResourcesBuildPhase section */
		20545998206A92F8004C309D /* Resources */ = {
			isa = PBXResourcesBuildPhase;
			buildActionMask = 2147483647;
			files = (
				205459A8206A92F8004C309D /* LaunchScreen.storyboard in Resources */,
				205459A5206A92F8004C309D /* Assets.xcassets in Resources */,
				205459A3206A92F8004C309D /* Main.storyboard in Resources */,
			);
			runOnlyForDeploymentPostprocessing = 0;
		};
		205459AC206A92F8004C309D /* Resources */ = {
			isa = PBXResourcesBuildPhase;
			buildActionMask = 2147483647;
			files = (
			);
			runOnlyForDeploymentPostprocessing = 0;
		};
		205459B7206A92F8004C309D /* Resources */ = {
			isa = PBXResourcesBuildPhase;
			buildActionMask = 2147483647;
			files = (
			);
			runOnlyForDeploymentPostprocessing = 0;
		};
/* End PBXResourcesBuildPhase section */

/* Begin PBXSourcesBuildPhase section */
		20545996206A92F8004C309D /* Sources */ = {
			isa = PBXSourcesBuildPhase;
			buildActionMask = 2147483647;
			files = (
				205459A0206A92F8004C309D /* ViewController.swift in Sources */,
				2054599E206A92F8004C309D /* AppDelegate.swift in Sources */,
			);
			runOnlyForDeploymentPostprocessing = 0;
		};
		205459AA206A92F8004C309D /* Sources */ = {
			isa = PBXSourcesBuildPhase;
			buildActionMask = 2147483647;
			files = (
				205459B3206A92F8004C309D /* swiftSevenDemosTests.swift in Sources */,
			);
			runOnlyForDeploymentPostprocessing = 0;
		};
		205459B5206A92F8004C309D /* Sources */ = {
			isa = PBXSourcesBuildPhase;
			buildActionMask = 2147483647;
			files = (
				205459BE206A92F8004C309D /* swiftSevenDemosUITests.swift in Sources */,
			);
			runOnlyForDeploymentPostprocessing = 0;
		};
/* End PBXSourcesBuildPhase section */

/* Begin PBXTargetDependency section */
		205459B0206A92F8004C309D /* PBXTargetDependency */ = {
			isa = PBXTargetDependency;
			target = 20545999206A92F8004C309D /* swiftSevenDemos */;
			targetProxy = 205459AF206A92F8004C309D /* PBXContainerItemProxy */;
		};
		205459BB206A92F8004C309D /* PBXTargetDependency */ = {
			isa = PBXTargetDependency;
			target = 20545999206A92F8004C309D /* swiftSevenDemos */;
			targetProxy = 205459BA206A92F8004C309D /* PBXContainerItemProxy */;
		};
/* End PBXTargetDependency section */

/* Begin PBXVariantGroup section */
		205459A1206A92F8004C309D /* Main.storyboard */ = {
			isa = PBXVariantGroup;
			children = (
				205459A2206A92F8004C309D /* Base */,
			);
			name = Main.storyboard;
			sourceTree = "<group>";
		};
		205459A6206A92F8004C309D /* LaunchScreen.storyboard */ = {
			isa = PBXVariantGroup;
			children = (
				205459A7206A92F8004C309D /* Base */,
			);
			name = LaunchScreen.storyboard;
			sourceTree = "<group>";
		};
/* End PBXVariantGroup section */

/* Begin XCBuildConfiguration section */
		205459C0206A92F8004C309D /* Debug */ = {
			isa = XCBuildConfiguration;
			buildSettings = {
				ALWAYS_SEARCH_USER_PATHS = NO;
				CLANG_ANALYZER_NONNULL = YES;
				CLANG_ANALYZER_NUMBER_OBJECT_CONVERSION = YES_AGGRESSIVE;
				CLANG_CXX_LANGUAGE_STANDARD = "gnu++14";
				CLANG_CXX_LIBRARY = "libc++";
				CLANG_ENABLE_MODULES = YES;
				CLANG_ENABLE_OBJC_ARC = YES;
				CLANG_WARN_BLOCK_CAPTURE_AUTORELEASING = YES;
				CLANG_WARN_BOOL_CONVERSION = YES;
				CLANG_WARN_COMMA = YES;
				CLANG_WARN_CONSTANT_CONVERSION = YES;
				CLANG_WARN_DIRECT_OBJC_ISA_USAGE = YES_ERROR;
				CLANG_WARN_DOCUMENTATION_COMMENTS = YES;
				CLANG_WARN_EMPTY_BODY = YES;
				CLANG_WARN_ENUM_CONVERSION = YES;
				CLANG_WARN_INFINITE_RECURSION = YES;
				CLANG_WARN_INT_CONVERSION = YES;
				CLANG_WARN_NON_LITERAL_NULL_CONVERSION = YES;
				CLANG_WARN_OBJC_LITERAL_CONVERSION = YES;
				CLANG_WARN_OBJC_ROOT_CLASS = YES_ERROR;
				CLANG_WARN_RANGE_LOOP_ANALYSIS = YES;
				CLANG_WARN_STRICT_PROTOTYPES = YES;
				CLANG_WARN_SUSPICIOUS_MOVE = YES;
				CLANG_WARN_UNGUARDED_AVAILABILITY = YES_AGGRESSIVE;
				CLANG_WARN_UNREACHABLE_CODE = YES;
				CLANG_WARN__DUPLICATE_METHOD_MATCH = YES;
				CODE_SIGN_IDENTITY = "iPhone Developer";
				COPY_PHASE_STRIP = NO;
				DEBUG_INFORMATION_FORMAT = dwarf;
				ENABLE_STRICT_OBJC_MSGSEND = YES;
				ENABLE_TESTABILITY = YES;
				GCC_C_LANGUAGE_STANDARD = gnu11;
				GCC_DYNAMIC_NO_PIC = NO;
				GCC_NO_COMMON_BLOCKS = YES;
				GCC_OPTIMIZATION_LEVEL = 0;
				GCC_PREPROCESSOR_DEFINITIONS = (
					"DEBUG=1",
					"$(inherited)",
				);
				GCC_WARN_64_TO_32_BIT_CONVERSION = YES;
				GCC_WARN_ABOUT_RETURN_TYPE = YES_ERROR;
				GCC_WARN_UNDECLARED_SELECTOR = YES;
				GCC_WARN_UNINITIALIZED_AUTOS = YES_AGGRESSIVE;
				GCC_WARN_UNUSED_FUNCTION = YES;
				GCC_WARN_UNUSED_VARIABLE = YES;
				IPHONEOS_DEPLOYMENT_TARGET = 11.2;
				MTL_ENABLE_DEBUG_INFO = YES;
				ONLY_ACTIVE_ARCH = YES;
				SDKROOT = iphoneos;
				SWIFT_ACTIVE_COMPILATION_CONDITIONS = DEBUG;
				SWIFT_OPTIMIZATION_LEVEL = "-Onone";
			};
			name = Debug;
		};
		205459C1206A92F8004C309D /* Release */ = {
			isa = XCBuildConfiguration;
			buildSettings = {
				ALWAYS_SEARCH_USER_PATHS = NO;
				CLANG_ANALYZER_NONNULL = YES;
				CLANG_ANALYZER_NUMBER_OBJECT_CONVERSION = YES_AGGRESSIVE;
				CLANG_CXX_LANGUAGE_STANDARD = "gnu++14";
				CLANG_CXX_LIBRARY = "libc++";
				CLANG_ENABLE_MODULES = YES;
				CLANG_ENABLE_OBJC_ARC = YES;
				CLANG_WARN_BLOCK_CAPTURE_AUTORELEASING = YES;
				CLANG_WARN_BOOL_CONVERSION = YES;
				CLANG_WARN_COMMA = YES;
				CLANG_WARN_CONSTANT_CONVERSION = YES;
				CLANG_WARN_DIRECT_OBJC_ISA_USAGE = YES_ERROR;
				CLANG_WARN_DOCUMENTATION_COMMENTS = YES;
				CLANG_WARN_EMPTY_BODY = YES;
				CLANG_WARN_ENUM_CONVERSION = YES;
				CLANG_WARN_INFINITE_RECURSION = YES;
				CLANG_WARN_INT_CONVERSION = YES;
				CLANG_WARN_NON_LITERAL_NULL_CONVERSION = YES;
				CLANG_WARN_OBJC_LITERAL_CONVERSION = YES;
				CLANG_WARN_OBJC_ROOT_CLASS = YES_ERROR;
				CLANG_WARN_RANGE_LOOP_ANALYSIS = YES;
				CLANG_WARN_STRICT_PROTOTYPES = YES;
				CLANG_WARN_SUSPICIOUS_MOVE = YES;
				CLANG_WARN_UNGUARDED_AVAILABILITY = YES_AGGRESSIVE;
				CLANG_WARN_UNREACHABLE_CODE = YES;
				CLANG_WARN__DUPLICATE_METHOD_MATCH = YES;
				CODE_SIGN_IDENTITY = "iPhone Developer";
				COPY_PHASE_STRIP = NO;
				DEBUG_INFORMATION_FORMAT = "dwarf-with-dsym";
				ENABLE_NS_ASSERTIONS = NO;
				ENABLE_STRICT_OBJC_MSGSEND = YES;
				GCC_C_LANGUAGE_STANDARD = gnu11;
				GCC_NO_COMMON_BLOCKS = YES;
				GCC_WARN_64_TO_32_BIT_CONVERSION = YES;
				GCC_WARN_ABOUT_RETURN_TYPE = YES_ERROR;
				GCC_WARN_UNDECLARED_SELECTOR = YES;
				GCC_WARN_UNINITIALIZED_AUTOS = YES_AGGRESSIVE;
				GCC_WARN_UNUSED_FUNCTION = YES;
				GCC_WARN_UNUSED_VARIABLE = YES;
				IPHONEOS_DEPLOYMENT_TARGET = 11.2;
				MTL_ENABLE_DEBUG_INFO = NO;
				SDKROOT = iphoneos;
				SWIFT_OPTIMIZATION_LEVEL = "-Owholemodule";
				VALIDATE_PRODUCT = YES;
			};
			name = Release;
		};
		205459C3206A92F8004C309D /* Debug */ = {
			isa = XCBuildConfiguration;
			buildSettings = {
				ASSETCATALOG_COMPILER_APPICON_NAME = AppIcon;
				CODE_SIGN_STYLE = Automatic;
				INFOPLIST_FILE = swiftSevenDemos/Info.plist;
				LD_RUNPATH_SEARCH_PATHS = "$(inherited) @executable_path/Frameworks";
				PRODUCT_BUNDLE_IDENTIFIER = com.ok.swiftSevenDemos;
				PRODUCT_NAME = "$(TARGET_NAME)";
				SWIFT_VERSION = 4.0;
				TARGETED_DEVICE_FAMILY = "1,2";
			};
			name = Debug;
		};
		205459C4206A92F8004C309D /* Release */ = {
			isa = XCBuildConfiguration;
			buildSettings = {
				ASSETCATALOG_COMPILER_APPICON_NAME = AppIcon;
				CODE_SIGN_STYLE = Automatic;
				INFOPLIST_FILE = swiftSevenDemos/Info.plist;
				LD_RUNPATH_SEARCH_PATHS = "$(inherited) @executable_path/Frameworks";
				PRODUCT_BUNDLE_IDENTIFIER = com.ok.swiftSevenDemos;
				PRODUCT_NAME = "$(TARGET_NAME)";
				SWIFT_VERSION = 4.0;
				TARGETED_DEVICE_FAMILY = "1,2";
			};
			name = Release;
		};
		205459C6206A92F8004C309D /* Debug */ = {
			isa = XCBuildConfiguration;
			buildSettings = {
				ALWAYS_EMBED_SWIFT_STANDARD_LIBRARIES = YES;
				BUNDLE_LOADER = "$(TEST_HOST)";
				CODE_SIGN_STYLE = Automatic;
				INFOPLIST_FILE = swiftSevenDemosTests/Info.plist;
				LD_RUNPATH_SEARCH_PATHS = "$(inherited) @executable_path/Frameworks @loader_path/Frameworks";
				PRODUCT_BUNDLE_IDENTIFIER = com.ok.swiftSevenDemosTests;
				PRODUCT_NAME = "$(TARGET_NAME)";
				SWIFT_VERSION = 4.0;
				TARGETED_DEVICE_FAMILY = "1,2";
				TEST_HOST = "$(BUILT_PRODUCTS_DIR)/swiftSevenDemos.app/swiftSevenDemos";
			};
			name = Debug;
		};
		205459C7206A92F8004C309D /* Release */ = {
			isa = XCBuildConfiguration;
			buildSettings = {
				ALWAYS_EMBED_SWIFT_STANDARD_LIBRARIES = YES;
				BUNDLE_LOADER = "$(TEST_HOST)";
				CODE_SIGN_STYLE = Automatic;
				INFOPLIST_FILE = swiftSevenDemosTests/Info.plist;
				LD_RUNPATH_SEARCH_PATHS = "$(inherited) @executable_path/Frameworks @loader_path/Frameworks";
				PRODUCT_BUNDLE_IDENTIFIER = com.ok.swiftSevenDemosTests;
				PRODUCT_NAME = "$(TARGET_NAME)";
				SWIFT_VERSION = 4.0;
				TARGETED_DEVICE_FAMILY = "1,2";
				TEST_HOST = "$(BUILT_PRODUCTS_DIR)/swiftSevenDemos.app/swiftSevenDemos";
			};
			name = Release;
		};
		205459C9206A92F8004C309D /* Debug */ = {
			isa = XCBuildConfiguration;
			buildSettings = {
				ALWAYS_EMBED_SWIFT_STANDARD_LIBRARIES = YES;
				CODE_SIGN_STYLE = Automatic;
				INFOPLIST_FILE = swiftSevenDemosUITests/Info.plist;
				LD_RUNPATH_SEARCH_PATHS = "$(inherited) @executable_path/Frameworks @loader_path/Frameworks";
				PRODUCT_BUNDLE_IDENTIFIER = com.ok.swiftSevenDemosUITests;
				PRODUCT_NAME = "$(TARGET_NAME)";
				SWIFT_VERSION = 4.0;
				TARGETED_DEVICE_FAMILY = "1,2";
				TEST_TARGET_NAME = swiftSevenDemos;
			};
			name = Debug;
		};
		205459CA206A92F8004C309D /* Release */ = {
			isa = XCBuildConfiguration;
			buildSettings = {
				ALWAYS_EMBED_SWIFT_STANDARD_LIBRARIES = YES;
				CODE_SIGN_STYLE = Automatic;
				INFOPLIST_FILE = swiftSevenDemosUITests/Info.plist;
				LD_RUNPATH_SEARCH_PATHS = "$(inherited) @executable_path/Frameworks @loader_path/Frameworks";
				PRODUCT_BUNDLE_IDENTIFIER = com.ok.swiftSevenDemosUITests;
				PRODUCT_NAME = "$(TARGET_NAME)";
				SWIFT_VERSION = 4.0;
				TARGETED_DEVICE_FAMILY = "1,2";
				TEST_TARGET_NAME = swiftSevenDemos;
			};
			name = Release;
		};
/* End XCBuildConfiguration section */

/* Begin XCConfigurationList section */
		20545995206A92F8004C309D /* Build configuration list for PBXProject "swiftSevenDemos" */ = {
			isa = XCConfigurationList;
			buildConfigurations = (
				205459C0206A92F8004C309D /* Debug */,
				205459C1206A92F8004C309D /* Release */,
			);
			defaultConfigurationIsVisible = 0;
			defaultConfigurationName = Release;
		};
		205459C2206A92F8004C309D /* Build configuration list for PBXNativeTarget "swiftSevenDemos" */ = {
			isa = XCConfigurationList;
			buildConfigurations = (
				205459C3206A92F8004C309D /* Debug */,
				205459C4206A92F8004C309D /* Release */,
			);
			defaultConfigurationIsVisible = 0;
			defaultConfigurationName = Release;
		};
		205459C5206A92F8004C309D /* Build configuration list for PBXNativeTarget "swiftSevenDemosTests" */ = {
			isa = XCConfigurationList;
			buildConfigurations = (
				205459C6206A92F8004C309D /* Debug */,
				205459C7206A92F8004C309D /* Release */,
			);
			defaultConfigurationIsVisible = 0;
			defaultConfigurationName = Release;
		};
		205459C8206A92F8004C309D /* Build configuration list for PBXNativeTarget "swiftSevenDemosUITests" */ = {
			isa = XCConfigurationList;
			buildConfigurations = (
				205459C9206A92F8004C309D /* Debug */,
				205459CA206A92F8004C309D /* Release */,
			);
			defaultConfigurationIsVisible = 0;
			defaultConfigurationName = Release;
		};
/* End XCConfigurationList section */
	};
	rootObject = 20545992206A92F8004C309D /* Project object */;
}
